
Microsoft Visual Studio Solution File, Format Version 12.00
# Visual Studio Version 17
VisualStudioVersion = 17.2.32630.192
MinimumVisualStudioVersion = 10.0.40219.1
Project("{FAE04EC0-301F-11D3-BF4B-00C04F79EFBC}") = "FrankBot", "FrankBot\FrankBot.csproj", "{30C290DB-D103-4B70-8AA0-8B5F5EDBF79A}"
EndProject
Global
	GlobalSection(SolutionConfigurationPlatforms) = preSolution
		Debug|Any CPU = Debug|Any CPU
		Release|Any CPU = Release|Any CPU
	EndGlobalSection
	GlobalSection(ProjectConfigurationPlatforms) = postSolution
		{30C290DB-D103-4B70-8AA0-8B5F5EDBF79A}.Debug|Any CPU.ActiveCfg = Debug|Any CPU
		{30C290DB-D103-4B70-8AA0-8B5F5EDBF79A}.Debug|Any CPU.Build.0 = Debug|Any CPU
		{30C290DB-D103-4B70-8AA0-8B5F5EDBF79A}.Release|Any CPU.ActiveCfg = Release|Any CPU
		{30C290DB-D103-4B70-8AA0-8B5F5EDBF79A}.Release|Any CPU.Build.0 = Release|Any CPU
	EndGlobalSection
	GlobalSection(SolutionProperties) = preSolution
		HideSolutionNode = FALSE
	EndGlobalSection
	GlobalSection(ExtensibilityGlobals) = postSolution
		SolutionGuid = {02437108-C61F-409A-BB21-C4FC6CD66BC5}
	EndGlobalSection
EndGlobal
